
Microsoft Visual Studio Solution File, Format Version 12.00
Project("{FAE04EC0-301F-11D3-BF4B-00C04F79EFBC}") = "OpenClosePrincipe", "OpenClosePrincipe\OpenClosePrincipe.csproj", "{692CEADF-936C-49FE-84AE-00736DB1E2FC}"
EndProject
Global
	GlobalSection(SolutionConfigurationPlatforms) = preSolution
		Debug|Any CPU = Debug|Any CPU
		Release|Any CPU = Release|Any CPU
	EndGlobalSection
	GlobalSection(ProjectConfigurationPlatforms) = postSolution
		{692CEADF-936C-49FE-84AE-00736DB1E2FC}.Debug|Any CPU.ActiveCfg = Debug|Any CPU
		{692CEADF-936C-49FE-84AE-00736DB1E2FC}.Debug|Any CPU.Build.0 = Debug|Any CPU
		{692CEADF-936C-49FE-84AE-00736DB1E2FC}.Release|Any CPU.ActiveCfg = Release|Any CPU
		{692CEADF-936C-49FE-84AE-00736DB1E2FC}.Release|Any CPU.Build.0 = Release|Any CPU
	EndGlobalSection
EndGlobal
