
Microsoft Visual Studio Solution File, Format Version 12.00
Project("{FAE04EC0-301F-11D3-BF4B-00C04F79EFBC}") = "LiskovSubstitutionPrinciple", "LiskovSubstitutionPrinciple\LiskovSubstitutionPrinciple.csproj", "{F7DADD22-65D8-4E87-9D78-0044EE164755}"
EndProject
Global
	GlobalSection(SolutionConfigurationPlatforms) = preSolution
		Debug|Any CPU = Debug|Any CPU
		Release|Any CPU = Release|Any CPU
	EndGlobalSection
	GlobalSection(ProjectConfigurationPlatforms) = postSolution
		{F7DADD22-65D8-4E87-9D78-0044EE164755}.Debug|Any CPU.ActiveCfg = Debug|Any CPU
		{F7DADD22-65D8-4E87-9D78-0044EE164755}.Debug|Any CPU.Build.0 = Debug|Any CPU
		{F7DADD22-65D8-4E87-9D78-0044EE164755}.Release|Any CPU.ActiveCfg = Release|Any CPU
		{F7DADD22-65D8-4E87-9D78-0044EE164755}.Release|Any CPU.Build.0 = Release|Any CPU
	EndGlobalSection
EndGlobal
